
Microsoft Visual Studio Solution File, Format Version 12.00
# Visual Studio Version 17
VisualStudioVersion = 17.0.31903.59
MinimumVisualStudioVersion = 10.0.40219.1
Project("{FAE04EC0-301F-11D3-BF4B-00C04F79EFBC}") = "Chip8.Assembler", "Chip8.Assembler\Chip8.Assembler.csproj", "{F18D8107-0127-412A-BE81-F711C64D805F}"
EndProject
Project("{FAE04EC0-301F-11D3-BF4B-00C04F79EFBC}") = "Chip8.Disassembler", "Chip8.Disassembler\Chip8.Disassembler.csproj", "{77DDAB52-C538-472E-A340-523E443F167D}"
EndProject
Project("{FAE04EC0-301F-11D3-BF4B-00C04F79EFBC}") = "Chip8.Emulator.NCurses", "Chip8.Emulator.NCurses\Chip8.Emulator.NCurses.csproj", "{825E0590-6FA4-457F-9858-F0D365E3FEBC}"
EndProject
Project("{FAE04EC0-301F-11D3-BF4B-00C04F79EFBC}") = "Chip8.Emulator.Raylib", "Chip8.Emulator.Raylib\Chip8.Emulator.Raylib.csproj", "{919CDB29-F993-4802-AF4D-9E41CD550709}"
EndProject
Project("{FAE04EC0-301F-11D3-BF4B-00C04F79EFBC}") = "Chip8.Hardware", "Chip8.Hardware\Chip8.Hardware.csproj", "{67B7B7C5-EC41-47A6-9491-4C2179797BDF}"
EndProject
Global
	GlobalSection(SolutionConfigurationPlatforms) = preSolution
		Debug|Any CPU = Debug|Any CPU
		Release|Any CPU = Release|Any CPU
	EndGlobalSection
	GlobalSection(SolutionProperties) = preSolution
		HideSolutionNode = FALSE
	EndGlobalSection
	GlobalSection(ProjectConfigurationPlatforms) = postSolution
		{F18D8107-0127-412A-BE81-F711C64D805F}.Debug|Any CPU.ActiveCfg = Debug|Any CPU
		{F18D8107-0127-412A-BE81-F711C64D805F}.Debug|Any CPU.Build.0 = Debug|Any CPU
		{F18D8107-0127-412A-BE81-F711C64D805F}.Release|Any CPU.ActiveCfg = Release|Any CPU
		{F18D8107-0127-412A-BE81-F711C64D805F}.Release|Any CPU.Build.0 = Release|Any CPU
		{77DDAB52-C538-472E-A340-523E443F167D}.Debug|Any CPU.ActiveCfg = Debug|Any CPU
		{77DDAB52-C538-472E-A340-523E443F167D}.Debug|Any CPU.Build.0 = Debug|Any CPU
		{77DDAB52-C538-472E-A340-523E443F167D}.Release|Any CPU.ActiveCfg = Release|Any CPU
		{77DDAB52-C538-472E-A340-523E443F167D}.Release|Any CPU.Build.0 = Release|Any CPU
		{825E0590-6FA4-457F-9858-F0D365E3FEBC}.Debug|Any CPU.ActiveCfg = Debug|Any CPU
		{825E0590-6FA4-457F-9858-F0D365E3FEBC}.Debug|Any CPU.Build.0 = Debug|Any CPU
		{825E0590-6FA4-457F-9858-F0D365E3FEBC}.Release|Any CPU.ActiveCfg = Release|Any CPU
		{825E0590-6FA4-457F-9858-F0D365E3FEBC}.Release|Any CPU.Build.0 = Release|Any CPU
		{919CDB29-F993-4802-AF4D-9E41CD550709}.Debug|Any CPU.ActiveCfg = Debug|Any CPU
		{919CDB29-F993-4802-AF4D-9E41CD550709}.Debug|Any CPU.Build.0 = Debug|Any CPU
		{919CDB29-F993-4802-AF4D-9E41CD550709}.Release|Any CPU.ActiveCfg = Release|Any CPU
		{919CDB29-F993-4802-AF4D-9E41CD550709}.Release|Any CPU.Build.0 = Release|Any CPU
		{67B7B7C5-EC41-47A6-9491-4C2179797BDF}.Debug|Any CPU.ActiveCfg = Debug|Any CPU
		{67B7B7C5-EC41-47A6-9491-4C2179797BDF}.Debug|Any CPU.Build.0 = Debug|Any CPU
		{67B7B7C5-EC41-47A6-9491-4C2179797BDF}.Release|Any CPU.ActiveCfg = Release|Any CPU
		{67B7B7C5-EC41-47A6-9491-4C2179797BDF}.Release|Any CPU.Build.0 = Release|Any CPU
	EndGlobalSection
EndGlobal
